{
  "name": "redux-persist",
  "version": "5.10.0",
  "lockfileVersion": 1,
  "requires": true,
  "dependencies": {
    "js-tokens": {
      "version": "4.0.0",
      "resolved": "http://172.18.21.224:3001/js-tokens/-/js-tokens-4.0.0.tgz",
      "integrity": "sha1-GSA/tZmR35jjoocFDUZHzerzJJk=",
      "dev": true
    },
    "lodash": {
      "version": "4.17.11",
      "resolved": "http://172.18.21.224:3001/lodash/-/lodash-4.17.11.tgz",
      "integrity": "sha1-s56mIp72B+zYniyN8SU2iRysm40=",
      "dev": true
    },
    "lodash-es": {
      "version": "4.17.11",
      "resolved": "http://172.18.21.224:3001/lodash-es/-/lodash-es-4.17.11.tgz",
      "integrity": "sha1-FFq0p6xcXlKjUx+08xAlWhUrS+A=",
      "dev": true
    },
    "loose-envify": {
      "version": "1.4.0",
      "resolved": "http://172.18.21.224:3001/loose-envify/-/loose-envify-1.4.0.tgz",
      "integrity": "sha1-ce5R+nvkyuwaY4OffmgtgTLTDK8=",
      "dev": true,
      "requires": {
        "js-tokens": "4.0.0"
      }
    },
    "redux": {
      "version": "3.7.2",
      "resolved": "http://172.18.21.224:3001/redux/-/redux-3.7.2.tgz",
      "integrity": "sha1-BrcxIyFZAdJdBlvjQusCa8HIU3s=",
      "dev": true,
      "requires": {
        "lodash": "4.17.11",
        "lodash-es": "4.17.11",
        "loose-envify": "1.4.0",
        "symbol-observable": "1.2.0"
      }
    },
    "symbol-observable": {
      "version": "1.2.0",
      "resolved": "http://172.18.21.224:3001/symbol-observable/-/symbol-observable-1.2.0.tgz",
      "integrity": "sha1-wiaIrtTqs83C3+rLtWFmBWCgCAQ=",
      "dev": true
    }
  }
}
